
Microsoft Visual Studio Solution File, Format Version 12.00
# Visual Studio Version 17
VisualStudioVersion = 17.7.34024.191
MinimumVisualStudioVersion = 10.0.40219.1
Project("{FAE04EC0-301F-11D3-BF4B-00C04F79EFBC}") = "SIMLovers", "SIMLovers\SIMLovers.csproj", "{1CD291FE-A924-44BB-8182-1A3846A28D98}"
EndProject
Project("{FAE04EC0-301F-11D3-BF4B-00C04F79EFBC}") = "SIMLovers.Infrastructure", "SIMLovers.Infrastructure\SIMLovers.Infrastructure.csproj", "{9EF60EF4-3056-4CE4-AF19-73734A7C5068}"
EndProject
Global
	GlobalSection(SolutionConfigurationPlatforms) = preSolution
		Debug|Any CPU = Debug|Any CPU
		Release|Any CPU = Release|Any CPU
	EndGlobalSection
	GlobalSection(ProjectConfigurationPlatforms) = postSolution
		{1CD291FE-A924-44BB-8182-1A3846A28D98}.Debug|Any CPU.ActiveCfg = Debug|Any CPU
		{1CD291FE-A924-44BB-8182-1A3846A28D98}.Debug|Any CPU.Build.0 = Debug|Any CPU
		{1CD291FE-A924-44BB-8182-1A3846A28D98}.Release|Any CPU.ActiveCfg = Release|Any CPU
		{1CD291FE-A924-44BB-8182-1A3846A28D98}.Release|Any CPU.Build.0 = Release|Any CPU
		{9EF60EF4-3056-4CE4-AF19-73734A7C5068}.Debug|Any CPU.ActiveCfg = Debug|Any CPU
		{9EF60EF4-3056-4CE4-AF19-73734A7C5068}.Debug|Any CPU.Build.0 = Debug|Any CPU
		{9EF60EF4-3056-4CE4-AF19-73734A7C5068}.Release|Any CPU.ActiveCfg = Release|Any CPU
		{9EF60EF4-3056-4CE4-AF19-73734A7C5068}.Release|Any CPU.Build.0 = Release|Any CPU
	EndGlobalSection
	GlobalSection(SolutionProperties) = preSolution
		HideSolutionNode = FALSE
	EndGlobalSection
	GlobalSection(ExtensibilityGlobals) = postSolution
		SolutionGuid = {7A7F631D-7147-4E33-8DEE-517DB6AF3270}
	EndGlobalSection
EndGlobal
